
Microsoft Visual Studio Solution File, Format Version 12.00
# Visual Studio 14
VisualStudioVersion = 14.0.25123.0
MinimumVisualStudioVersion = 10.0.40219.1
Project("{FAE04EC0-301F-11D3-BF4B-00C04F79EFBC}") = "TaskUtility", "TaskUtility\TaskUtility.csproj", "{09335A67-7E05-4139-995F-43F721DA7EFC}"
EndProject
Global
	GlobalSection(SolutionConfigurationPlatforms) = preSolution
		Debug|Any CPU = Debug|Any CPU
		Release|Any CPU = Release|Any CPU
	EndGlobalSection
	GlobalSection(ProjectConfigurationPlatforms) = postSolution
		{09335A67-7E05-4139-995F-43F721DA7EFC}.Debug|Any CPU.ActiveCfg = Debug|Any CPU
		{09335A67-7E05-4139-995F-43F721DA7EFC}.Debug|Any CPU.Build.0 = Debug|Any CPU
		{09335A67-7E05-4139-995F-43F721DA7EFC}.Release|Any CPU.ActiveCfg = Release|Any CPU
		{09335A67-7E05-4139-995F-43F721DA7EFC}.Release|Any CPU.Build.0 = Release|Any CPU
	EndGlobalSection
	GlobalSection(SolutionProperties) = preSolution
		HideSolutionNode = FALSE
	EndGlobalSection
EndGlobal
